<?xml version="1.0" encoding="utf-8"?>
<Project ToolsVersion="4.0" xmlns="http://schemas.microsoft.com/developer/msbuild/2003">
  <ItemGroup>
    <Filter Include="Source Files">
      <UniqueIdentifier>{4FC737F1-C7A5-4376-A066-2A32D752A2FF}</UniqueIdentifier>
      <Extensions>cpp;c;cc;cxx;def;odl;idl;hpj;bat;asm;asmx</Extensions>
    </Filter>
    <Filter Include="Header Files">
      <UniqueIdentifier>{93995380-89BD-4b04-88EB-625FBE52EBFB}</UniqueIdentifier>
      <Extensions>h;hpp;hxx;hm;inl;inc;xsd</Extensions>
    </Filter>
    <Filter Include="Shader">
      <UniqueIdentifier>{67DA6AB6-F800-4c08-8B7A-83BB121AAD01}</UniqueIdentifier>
      <Extensions>rc;ico;cur;bmp;dlg;rc2;rct;bin;rgs;gif;jpg;jpeg;jpe;resx;tiff;tif;png;wav;mfcribbon-ms</Extensions>
    </Filter>
    <Filter Include="Header Files\System">
      <UniqueIdentifier>{f1870f8b-11ee-45ae-8113-8d9ff4baecd5}</UniqueIdentifier>
    </Filter>
    <Filter Include="Source Files\System">
      <UniqueIdentifier>{79636456-0db0-472d-b45c-349a697edb55}</UniqueIdentifier>
    </Filter>
    <Filter Include="Header Files\Mesh">
      <UniqueIdentifier>{47767f81-b329-4e85-bab1-ba85a138268b}</UniqueIdentifier>
    </Filter>
    <Filter Include="Source Files\Mesh">
      <UniqueIdentifier>{21786028-cec4-496b-b90c-38a44762d724}</UniqueIdentifier>
    </Filter>
    <Filter Include="Source Files\Loaders">
      <UniqueIdentifier>{a75616fc-457c-4b9c-818d-2347d6df472a}</UniqueIdentifier>
    </Filter>
    <Filter Include="Header Files\Loaders">
      <UniqueIdentifier>{5798bbe5-b00b-43ee-a6ad-e67ed96a07d2}</UniqueIdentifier>
    </Filter>
    <Filter Include="Header Files\Lights">
      <UniqueIdentifier>{55651bf1-4aa8-4c9d-a070-2879c9fca7e9}</UniqueIdentifier>
    </Filter>
    <Filter Include="Source Files\Lights">
      <UniqueIdentifier>{5e6f349e-c5a3-41a7-9dde-01239ff1acac}</UniqueIdentifier>
    </Filter>
    <Filter Include="Header Files\Camera">
      <UniqueIdentifier>{a8df963a-45c0-4ba0-9a72-ecac1a3e541a}</UniqueIdentifier>
    </Filter>
    <Filter Include="Source Files\Camera">
      <UniqueIdentifier>{9882a2d7-c1fc-4e9b-989a-bcea7f3cb001}</UniqueIdentifier>
    </Filter>
    <Filter Include="Source Files\Scene">
      <UniqueIdentifier>{3b328662-afa4-4001-9416-622589a7eefb}</UniqueIdentifier>
    </Filter>
    <Filter Include="Header Files\Scene">
      <UniqueIdentifier>{e2b6e5ee-5ecb-4d3a-99fd-57458e8c04a4}</UniqueIdentifier>
    </Filter>
    <Filter Include="Header Files\ObjectClasses">
      <UniqueIdentifier>{0e55fe06-d8ad-44e5-b1f9-506df3aa40fe}</UniqueIdentifier>
    </Filter>
    <Filter Include="Source Files\ObjectClasses">
      <UniqueIdentifier>{7bddeda2-f7ae-4b9b-9b76-042c69be5012}</UniqueIdentifier>
    </Filter>
    <Filter Include="Source Files\ObjectClasses\TileMap">
      <UniqueIdentifier>{744609df-eb72-4176-b19f-8de56dabeb59}</UniqueIdentifier>
    </Filter>
    <Filter Include="Header Files\ObjectClasses\TileMap">
      <UniqueIdentifier>{f1327ea4-b7af-40d0-a715-d6ccd87a0a94}</UniqueIdentifier>
    </Filter>
    <Filter Include="Header Files\ObjectClasses\Tower">
      <UniqueIdentifier>{0133efe1-e55f-40fc-ab60-f44c285496ba}</UniqueIdentifier>
    </Filter>
    <Filter Include="Source Files\ObjectClasses\Tower">
      <UniqueIdentifier>{a408d95d-bafb-4d03-9ac1-0cdacd23e65d}</UniqueIdentifier>
    </Filter>
    <Filter Include="Header Files\ObjectClasses\Enemy">
      <UniqueIdentifier>{a7140ea0-5ca9-4c35-8012-223ba9855414}</UniqueIdentifier>
    </Filter>
    <Filter Include="Source Files\ObjectClasses\Enemy">
      <UniqueIdentifier>{2cf0de6a-3c75-41b9-9009-90c3696d336b}</UniqueIdentifier>
    </Filter>
    <Filter Include="Source Files\System\UI">
      <UniqueIdentifier>{98138102-6d2e-43a7-bf73-98fd83745412}</UniqueIdentifier>
    </Filter>
    <Filter Include="Header Files\System\UI">
      <UniqueIdentifier>{36bbda87-ab7c-4760-979a-ec8a687e1ab7}</UniqueIdentifier>
    </Filter>
    <Filter Include="Source Files\System\Entity">
      <UniqueIdentifier>{86b902de-2abe-419e-82d0-b632a99c528c}</UniqueIdentifier>
    </Filter>
    <Filter Include="Source Files\System\Render">
      <UniqueIdentifier>{d58a53ff-10fb-4c07-a15f-ff0f0f071c05}</UniqueIdentifier>
    </Filter>
    <Filter Include="Header Files\System\Scene">
      <UniqueIdentifier>{f5792713-dc23-4f85-89ad-443f39b8b351}</UniqueIdentifier>
    </Filter>
    <Filter Include="Header Files\System\Render">
      <UniqueIdentifier>{f7265e76-ceb1-402c-a544-562fc9b4acc9}</UniqueIdentifier>
    </Filter>
    <Filter Include="Header Files\System\Entity">
      <UniqueIdentifier>{175bfdb5-542c-4854-a282-00444e740b8a}</UniqueIdentifier>
    </Filter>
    <Filter Include="Source Files\ObjectClasses\Tower\SingleTarget">
      <UniqueIdentifier>{e200d2a3-3695-400e-918e-18fa2a70f16b}</UniqueIdentifier>
    </Filter>
    <Filter Include="Source Files\ObjectClasses\Tower\SplashTarget">
      <UniqueIdentifier>{95aef32f-20f2-4cc3-865d-954a0c0d0385}</UniqueIdentifier>
    </Filter>
    <Filter Include="Header Files\ObjectClasses\Tower\SingleTarget">
      <UniqueIdentifier>{98b3ae54-d915-4c1c-911e-6d063acec261}</UniqueIdentifier>
    </Filter>
    <Filter Include="Header Files\ObjectClasses\Tower\SplashTarget">
      <UniqueIdentifier>{e02334ea-6eff-47d8-b191-a1f5aa19e683}</UniqueIdentifier>
    </Filter>
    <Filter Include="Header Files\ObjectClasses\Cursor">
      <UniqueIdentifier>{53aeee78-8d88-441a-bdd7-69a602daea4a}</UniqueIdentifier>
    </Filter>
    <Filter Include="Source Files\ObjectClasses\Cursor">
      <UniqueIdentifier>{e8a03aa3-9b32-4d5f-8e26-9a511fbf67d7}</UniqueIdentifier>
    </Filter>
    <Filter Include="Source Files\System\Scene">
      <UniqueIdentifier>{4e258923-854e-4a1c-9fa7-43a5a0326234}</UniqueIdentifier>
    </Filter>
  </ItemGroup>
  <ItemGroup>
    <ClCompile Include="Source\Application.cpp">
      <Filter>Source Files\System</Filter>
    </ClCompile>
    <ClCompile Include="Source\main.cpp">
      <Filter>Source Files\System</Filter>
    </ClCompile>
    <ClCompile Include="Source\Animation.cpp">
      <Filter>Source Files\Mesh</Filter>
    </ClCompile>
    <ClCompile Include="Source\Mesh.cpp">
      <Filter>Source Files\Mesh</Filter>
    </ClCompile>
    <ClCompile Include="Source\MeshBuilder.cpp">
      <Filter>Source Files\Mesh</Filter>
    </ClCompile>
    <ClCompile Include="Source\SpriteAnimation.cpp">
      <Filter>Source Files\Mesh</Filter>
    </ClCompile>
    <ClCompile Include="Source\LoadHmap.cpp">
      <Filter>Source Files\Loaders</Filter>
    </ClCompile>
    <ClCompile Include="Source\LoadOBJ.cpp">
      <Filter>Source Files\Loaders</Filter>
    </ClCompile>
    <ClCompile Include="Source\LoadTGA.cpp">
      <Filter>Source Files\Loaders</Filter>
    </ClCompile>
    <ClCompile Include="Source\Utility.cpp">
      <Filter>Source Files\Mesh</Filter>
    </ClCompile>
    <ClCompile Include="Source\shader.cpp">
      <Filter>Source Files\Loaders</Filter>
    </ClCompile>
    <ClCompile Include="Source\Camera.cpp">
      <Filter>Source Files\Camera</Filter>
    </ClCompile>
    <ClCompile Include="Source\Camera2.cpp">
      <Filter>Source Files\Camera</Filter>
    </ClCompile>
    <ClCompile Include="Source\Camera3.cpp">
      <Filter>Source Files\Camera</Filter>
    </ClCompile>
    <ClCompile Include="Source\DepthFBO.cpp">
      <Filter>Source Files\Lights</Filter>
    </ClCompile>
    <ClCompile Include="Source\Assignment.cpp">
      <Filter>Source Files\Scene</Filter>
    </ClCompile>
    <ClCompile Include="Source\ParticleGenerator.cpp">
      <Filter>Source Files\ObjectClasses</Filter>
    </ClCompile>
    <ClCompile Include="Source\Particles.cpp">
      <Filter>Source Files\ObjectClasses</Filter>
    </ClCompile>
    <ClCompile Include="Source\Terrain.cpp">
      <Filter>Source Files\ObjectClasses</Filter>
    </ClCompile>
    <ClCompile Include="Source\TestScene.cpp">
      <Filter>Source Files\Scene</Filter>
    </ClCompile>
    <ClCompile Include="Source\TurntableCam.cpp">
      <Filter>Source Files\Camera</Filter>
    </ClCompile>
    <ClCompile Include="Source\CaptureGame.cpp">
      <Filter>Source Files\Scene</Filter>
    </ClCompile>
    <ClCompile Include="Source\Node.cpp">
      <Filter>Source Files\ObjectClasses\TileMap</Filter>
    </ClCompile>
    <ClCompile Include="Source\TileMap.cpp">
      <Filter>Source Files\ObjectClasses\TileMap</Filter>
    </ClCompile>
    <ClCompile Include="Source\OrthoCamera.cpp">
      <Filter>Source Files\Camera</Filter>
    </ClCompile>
    <ClCompile Include="Source\Projectile.cpp">
      <Filter>Source Files\ObjectClasses\Tower</Filter>
    </ClCompile>
    <ClCompile Include="Source\Tower.cpp">
      <Filter>Source Files\ObjectClasses\Tower</Filter>
    </ClCompile>
    <ClCompile Include="Source\Enemy.cpp">
      <Filter>Source Files\ObjectClasses\Enemy</Filter>
    </ClCompile>
    <ClCompile Include="Source\Minion.cpp">
      <Filter>Source Files\ObjectClasses\Enemy</Filter>
    </ClCompile>
    <ClCompile Include="Source\WaveManager.cpp">
      <Filter>Source Files\ObjectClasses\Enemy</Filter>
    </ClCompile>
    <ClCompile Include="Source\GameObject.cpp">
      <Filter>Source Files</Filter>
    </ClCompile>
    <ClCompile Include="Source\GameplayCam.cpp">
      <Filter>Source Files</Filter>
    </ClCompile>
    <ClCompile Include="Source\PlayerInfo.cpp">
      <Filter>Source Files\ObjectClasses</Filter>
    </ClCompile>
    <ClCompile Include="Source\GUI.cpp">
      <Filter>Source Files\System\UI</Filter>
    </ClCompile>
    <ClCompile Include="Source\GUIManager.cpp">
      <Filter>Source Files\System\UI</Filter>
    </ClCompile>
    <ClCompile Include="Source\EntityManager.cpp">
      <Filter>Source Files\System\Entity</Filter>
    </ClCompile>
    <ClCompile Include="Source\Entity.cpp">
      <Filter>Source Files\System\Entity</Filter>
    </ClCompile>
    <ClCompile Include="Source\Renderable.cpp">
      <Filter>Source Files\System\Render</Filter>
    </ClCompile>
    <ClCompile Include="Source\RenderManager.cpp">
      <Filter>Source Files\System\Render</Filter>
    </ClCompile>
    <ClCompile Include="Source\Scene.cpp">
      <Filter>Source Files\System\Scene</Filter>
    </ClCompile>
    <ClCompile Include="Source\SceneManager.cpp">
      <Filter>Source Files\System\Scene</Filter>
    </ClCompile>
    <ClCompile Include="Source\ArrowTower.cpp">
      <Filter>Source Files\ObjectClasses\Tower\SingleTarget</Filter>
    </ClCompile>
    <ClCompile Include="Source\SingleTarget.cpp">
      <Filter>Source Files\ObjectClasses\Tower\SingleTarget</Filter>
    </ClCompile>
    <ClCompile Include="Source\CannonTower.cpp">
      <Filter>Source Files\ObjectClasses\Tower\SplashTarget</Filter>
    </ClCompile>
    <ClCompile Include="Source\SplashTarget.cpp">
      <Filter>Source Files\ObjectClasses\Tower\SplashTarget</Filter>
    </ClCompile>
    <ClCompile Include="Source\IceMonster.cpp">
      <Filter>Source Files\ObjectClasses\Enemy</Filter>
    </ClCompile>
    <ClCompile Include="Source\SpeedMonster.cpp">
      <Filter>Source Files\ObjectClasses\Enemy</Filter>
    </ClCompile>
    <ClCompile Include="Source\TankMonster.cpp">
      <Filter>Source Files\ObjectClasses\Enemy</Filter>
    </ClCompile>
    <ClCompile Include="Source\PoisonTower.cpp">
      <Filter>Source Files\ObjectClasses\Tower\SingleTarget</Filter>
    </ClCompile>
    <ClCompile Include="Source\SpeedTower.cpp">
      <Filter>Source Files\ObjectClasses\Tower\SingleTarget</Filter>
    </ClCompile>
    <ClCompile Include="Source\IceTower.cpp">
      <Filter>Source Files\ObjectClasses\Tower\SplashTarget</Filter>
    </ClCompile>
    <ClCompile Include="Source\MortarTower.cpp">
      <Filter>Source Files\ObjectClasses\Tower\SplashTarget</Filter>
    </ClCompile>
    <ClCompile Include="Source\EditorCursor.cpp">
      <Filter>Source Files\ObjectClasses\Cursor</Filter>
    </ClCompile>
    <ClCompile Include="Source\Cursor.cpp">
      <Filter>Source Files\ObjectClasses\Cursor</Filter>
    </ClCompile>
    <ClCompile Include="Source\CursorControl.cpp">
      <Filter>Source Files\ObjectClasses\Cursor</Filter>
    </ClCompile>
    <ClCompile Include="Source\MapEditor.cpp">
      <Filter>Source Files\Scene</Filter>
    </ClCompile>
    <ClCompile Include="Source\CaptureTower.cpp">
      <Filter>Source Files\ObjectClasses\Tower\SingleTarget</Filter>
    </ClCompile>
    <ClCompile Include="Source\WinScene.cpp">
      <Filter>Source Files\Scene</Filter>
    </ClCompile>
    <ClCompile Include="Source\IceProjectile.cpp">
      <Filter>Source Files\ObjectClasses\Tower\SplashTarget</Filter>
    </ClCompile>
    <ClCompile Include="Source\PoisonProjectile.cpp">
      <Filter>Source Files\ObjectClasses\Tower\SingleTarget</Filter>
    </ClCompile>
    <ClCompile Include="Source\BuffTower.cpp">
      <Filter>Source Files\ObjectClasses\Tower</Filter>
    </ClCompile>
    <ClCompile Include="Source\LoseScene.cpp">
      <Filter>Source Files</Filter>
    </ClCompile>
    <ClCompile Include="Source\MainMenu.cpp">
      <Filter>Source Files</Filter>
    </ClCompile>
    <ClCompile Include="Source\MenuCursor.cpp">
      <Filter>Source Files</Filter>
    </ClCompile>
    <ClCompile Include="Source\Display.cpp">
      <Filter>Source Files\Scene</Filter>
    </ClCompile>
  </ItemGroup>
  <ItemGroup>
    <ClInclude Include="Source\Application.h">
      <Filter>Header Files\System</Filter>
    </ClInclude>
    <ClInclude Include="Source\Animation.h">
      <Filter>Header Files\Mesh</Filter>
    </ClInclude>
    <ClInclude Include="Source\Mesh.h">
      <Filter>Header Files\Mesh</Filter>
    </ClInclude>
    <ClInclude Include="Source\MeshBuilder.h">
      <Filter>Header Files\Mesh</Filter>
    </ClInclude>
    <ClInclude Include="Source\SpriteAnimation.h">
      <Filter>Header Files\Mesh</Filter>
    </ClInclude>
    <ClInclude Include="Source\LoadHmap.h">
      <Filter>Header Files\Loaders</Filter>
    </ClInclude>
    <ClInclude Include="Source\LoadOBJ.h">
      <Filter>Header Files\Loaders</Filter>
    </ClInclude>
    <ClInclude Include="Source\LoadTGA.h">
      <Filter>Header Files\Loaders</Filter>
    </ClInclude>
    <ClInclude Include="Source\Light.h">
      <Filter>Header Files\Lights</Filter>
    </ClInclude>
    <ClInclude Include="Source\Material.h">
      <Filter>Header Files\Lights</Filter>
    </ClInclude>
    <ClInclude Include="Source\shader.hpp">
      <Filter>Header Files\Loaders</Filter>
    </ClInclude>
    <ClInclude Include="Source\Utility.h">
      <Filter>Header Files\Mesh</Filter>
    </ClInclude>
    <ClInclude Include="Source\Vertex.h">
      <Filter>Header Files\Mesh</Filter>
    </ClInclude>
    <ClInclude Include="Source\Camera.h">
      <Filter>Header Files\Camera</Filter>
    </ClInclude>
    <ClInclude Include="Source\Camera2.h">
      <Filter>Header Files\Camera</Filter>
    </ClInclude>
    <ClInclude Include="Source\Camera3.h">
      <Filter>Header Files\Camera</Filter>
    </ClInclude>
    <ClInclude Include="Source\DepthFBO.h">
      <Filter>Header Files\Lights</Filter>
    </ClInclude>
    <ClInclude Include="Source\ParticleGenerator.h">
      <Filter>Header Files\ObjectClasses</Filter>
    </ClInclude>
    <ClInclude Include="Source\Particles.h">
      <Filter>Header Files\ObjectClasses</Filter>
    </ClInclude>
    <ClInclude Include="Source\Terrain.h">
      <Filter>Header Files\ObjectClasses</Filter>
    </ClInclude>
    <ClInclude Include="Source\Assignment.h">
      <Filter>Header Files\Scene</Filter>
    </ClInclude>
    <ClInclude Include="Source\TestScene.h">
      <Filter>Header Files\Scene</Filter>
    </ClInclude>
    <ClInclude Include="Source\TurntableCam.h">
      <Filter>Header Files\Camera</Filter>
    </ClInclude>
    <ClInclude Include="Source\CaptureGame.h">
      <Filter>Header Files\Scene</Filter>
    </ClInclude>
    <ClInclude Include="Source\Node.h">
      <Filter>Header Files\ObjectClasses\TileMap</Filter>
    </ClInclude>
    <ClInclude Include="Source\TileMap.h">
      <Filter>Header Files\ObjectClasses\TileMap</Filter>
    </ClInclude>
    <ClInclude Include="Source\OrthoCamera.h">
      <Filter>Header Files\Camera</Filter>
    </ClInclude>
    <ClInclude Include="Source\Tower.h">
      <Filter>Header Files\ObjectClasses\Tower</Filter>
    </ClInclude>
    <ClInclude Include="Source\Projectile.h">
      <Filter>Header Files\ObjectClasses\Tower</Filter>
    </ClInclude>
    <ClInclude Include="Source\Enemy.h">
      <Filter>Header Files\ObjectClasses\Enemy</Filter>
    </ClInclude>
    <ClInclude Include="Source\Minion.h">
      <Filter>Header Files\ObjectClasses\Enemy</Filter>
    </ClInclude>
    <ClInclude Include="Source\WaveManager.h">
      <Filter>Header Files\ObjectClasses\Enemy</Filter>
    </ClInclude>
    <ClInclude Include="Source\GameObject.h">
      <Filter>Header Files</Filter>
    </ClInclude>
    <ClInclude Include="Source\GameplayCam.h">
      <Filter>Header Files</Filter>
    </ClInclude>
    <ClInclude Include="Source\PlayerInfo.h">
      <Filter>Header Files\ObjectClasses</Filter>
    </ClInclude>
    <ClInclude Include="Source\GUI.h">
      <Filter>Header Files\System\UI</Filter>
    </ClInclude>
    <ClInclude Include="Source\GUIManager.h">
      <Filter>Header Files\System\UI</Filter>
    </ClInclude>
    <ClInclude Include="Source\Scene.h">
      <Filter>Header Files\System\Scene</Filter>
    </ClInclude>
    <ClInclude Include="Source\SceneManager.h">
      <Filter>Header Files\System\Scene</Filter>
    </ClInclude>
    <ClInclude Include="Source\RenderManager.h">
      <Filter>Header Files\System\Render</Filter>
    </ClInclude>
    <ClInclude Include="Source\Renderable.h">
      <Filter>Header Files\System\Render</Filter>
    </ClInclude>
    <ClInclude Include="Source\Entity.h">
      <Filter>Header Files\System\Entity</Filter>
    </ClInclude>
    <ClInclude Include="Source\EntityManager.h">
      <Filter>Header Files\System\Entity</Filter>
    </ClInclude>
    <ClInclude Include="Source\SingleTarget.h">
      <Filter>Header Files\ObjectClasses\Tower\SingleTarget</Filter>
    </ClInclude>
    <ClInclude Include="Source\ArrowTower.h">
      <Filter>Header Files\ObjectClasses\Tower\SingleTarget</Filter>
    </ClInclude>
    <ClInclude Include="Source\CannonTower.h">
      <Filter>Header Files\ObjectClasses\Tower\SplashTarget</Filter>
    </ClInclude>
    <ClInclude Include="Source\SplashTarget.h">
      <Filter>Header Files\ObjectClasses\Tower\SplashTarget</Filter>
    </ClInclude>
    <ClInclude Include="Source\IceMonster.h">
      <Filter>Header Files\ObjectClasses\Enemy</Filter>
    </ClInclude>
    <ClInclude Include="Source\SpeedMonster.h">
      <Filter>Header Files\ObjectClasses\Enemy</Filter>
    </ClInclude>
    <ClInclude Include="Source\TankMonster.h">
      <Filter>Header Files\ObjectClasses\Enemy</Filter>
    </ClInclude>
    <ClInclude Include="Source\SpeedTower.h">
      <Filter>Header Files\ObjectClasses\Tower\SingleTarget</Filter>
    </ClInclude>
    <ClInclude Include="Source\PoisonTower.h">
      <Filter>Header Files\ObjectClasses\Tower\SingleTarget</Filter>
    </ClInclude>
    <ClInclude Include="Source\IceTower.h">
      <Filter>Header Files\ObjectClasses\Tower\SplashTarget</Filter>
    </ClInclude>
    <ClInclude Include="Source\MortarTower.h">
      <Filter>Header Files\ObjectClasses\Tower\SplashTarget</Filter>
    </ClInclude>
    <ClInclude Include="Source\Cursor.h">
      <Filter>Header Files\ObjectClasses\Cursor</Filter>
    </ClInclude>
    <ClInclude Include="Source\CursorControl.h">
      <Filter>Header Files\ObjectClasses\Cursor</Filter>
    </ClInclude>
    <ClInclude Include="Source\EditorCursor.h">
      <Filter>Header Files\ObjectClasses\Cursor</Filter>
    </ClInclude>
    <ClInclude Include="Source\MapEditor.h">
      <Filter>Header Files\Scene</Filter>
    </ClInclude>
    <ClInclude Include="Source\CaptureTower.h">
      <Filter>Header Files\ObjectClasses\Tower\SingleTarget</Filter>
    </ClInclude>
    <ClInclude Include="Source\WinScene.h">
      <Filter>Header Files\Scene</Filter>
    </ClInclude>
    <ClInclude Include="Source\LoseScene.h">
      <Filter>Header Files\Scene</Filter>
    </ClInclude>
    <ClInclude Include="Source\Display.h">
      <Filter>Header Files\Scene</Filter>
    </ClInclude>
    <ClInclude Include="Source\BuffTower.h">
      <Filter>Header Files\ObjectClasses\Tower</Filter>
    </ClInclude>
    <ClInclude Include="Source\IceProjectile.h">
      <Filter>Header Files\ObjectClasses\Tower\SplashTarget</Filter>
    </ClInclude>
    <ClInclude Include="Source\PoisonProjectile.h">
      <Filter>Header Files\ObjectClasses\Tower\SingleTarget</Filter>
    </ClInclude>
    <ClInclude Include="Source\MainMenu.h">
      <Filter>Header Files</Filter>
    </ClInclude>
    <ClInclude Include="Source\MenuCursor.h">
      <Filter>Header Files</Filter>
    </ClInclude>
  </ItemGroup>
</Project>